
Microsoft Visual Studio Solution File, Format Version 12.00
# Visual Studio Version 17
VisualStudioVersion = 17.2.32519.379
MinimumVisualStudioVersion = 10.0.40219.1
Project("{FAE04EC0-301F-11D3-BF4B-00C04F79EFBC}") = "calc", "calc\calc.csproj", "{B435E5FA-6D27-4CD0-8647-47EAE7F51475}"
EndProject
Global
	GlobalSection(SolutionConfigurationPlatforms) = preSolution
		Debug|Any CPU = Debug|Any CPU
		Release|Any CPU = Release|Any CPU
	EndGlobalSection
	GlobalSection(ProjectConfigurationPlatforms) = postSolution
		{B435E5FA-6D27-4CD0-8647-47EAE7F51475}.Debug|Any CPU.ActiveCfg = Debug|Any CPU
		{B435E5FA-6D27-4CD0-8647-47EAE7F51475}.Debug|Any CPU.Build.0 = Debug|Any CPU
		{B435E5FA-6D27-4CD0-8647-47EAE7F51475}.Release|Any CPU.ActiveCfg = Release|Any CPU
		{B435E5FA-6D27-4CD0-8647-47EAE7F51475}.Release|Any CPU.Build.0 = Release|Any CPU
	EndGlobalSection
	GlobalSection(SolutionProperties) = preSolution
		HideSolutionNode = FALSE
	EndGlobalSection
	GlobalSection(ExtensibilityGlobals) = postSolution
		SolutionGuid = {975AFC8D-96C0-4FB8-9AA2-ABDDBD2FCA38}
	EndGlobalSection
EndGlobal
