
Microsoft Visual Studio Solution File, Format Version 12.00
# Visual Studio Version 17
VisualStudioVersion = 17.2.32519.379
MinimumVisualStudioVersion = 10.0.40219.1
Project("{FAE04EC0-301F-11D3-BF4B-00C04F79EFBC}") = "FileMoverApp", "FileMoverApp\FileMoverApp.csproj", "{6236126F-456E-4C7A-A91F-42DD6159CB77}"
EndProject
Global
	GlobalSection(SolutionConfigurationPlatforms) = preSolution
		Debug|Any CPU = Debug|Any CPU
		Release|Any CPU = Release|Any CPU
	EndGlobalSection
	GlobalSection(ProjectConfigurationPlatforms) = postSolution
		{6236126F-456E-4C7A-A91F-42DD6159CB77}.Debug|Any CPU.ActiveCfg = Debug|Any CPU
		{6236126F-456E-4C7A-A91F-42DD6159CB77}.Debug|Any CPU.Build.0 = Debug|Any CPU
		{6236126F-456E-4C7A-A91F-42DD6159CB77}.Release|Any CPU.ActiveCfg = Release|Any CPU
		{6236126F-456E-4C7A-A91F-42DD6159CB77}.Release|Any CPU.Build.0 = Release|Any CPU
	EndGlobalSection
	GlobalSection(SolutionProperties) = preSolution
		HideSolutionNode = FALSE
	EndGlobalSection
	GlobalSection(ExtensibilityGlobals) = postSolution
		SolutionGuid = {15F3CC00-A68E-465F-9418-3257DF709CDC}
	EndGlobalSection
EndGlobal
