
Microsoft Visual Studio Solution File, Format Version 12.00
# Visual Studio Version 17
VisualStudioVersion = 17.2.32519.379
MinimumVisualStudioVersion = 10.0.40219.1
Project("{FAE04EC0-301F-11D3-BF4B-00C04F79EFBC}") = "assignment1", "assignment1\assignment1.csproj", "{7C009A3F-C5A6-4B82-915C-D7196DCCAC5F}"
EndProject
Global
	GlobalSection(SolutionConfigurationPlatforms) = preSolution
		Debug|Any CPU = Debug|Any CPU
		Release|Any CPU = Release|Any CPU
	EndGlobalSection
	GlobalSection(ProjectConfigurationPlatforms) = postSolution
		{7C009A3F-C5A6-4B82-915C-D7196DCCAC5F}.Debug|Any CPU.ActiveCfg = Debug|Any CPU
		{7C009A3F-C5A6-4B82-915C-D7196DCCAC5F}.Debug|Any CPU.Build.0 = Debug|Any CPU
		{7C009A3F-C5A6-4B82-915C-D7196DCCAC5F}.Release|Any CPU.ActiveCfg = Release|Any CPU
		{7C009A3F-C5A6-4B82-915C-D7196DCCAC5F}.Release|Any CPU.Build.0 = Release|Any CPU
	EndGlobalSection
	GlobalSection(SolutionProperties) = preSolution
		HideSolutionNode = FALSE
	EndGlobalSection
	GlobalSection(ExtensibilityGlobals) = postSolution
		SolutionGuid = {8CB3A857-B99D-4890-B112-56883A74EFBB}
	EndGlobalSection
EndGlobal
