
Microsoft Visual Studio Solution File, Format Version 12.00
# Visual Studio Version 17
VisualStudioVersion = 17.2.32519.379
MinimumVisualStudioVersion = 10.0.40219.1
Project("{FAE04EC0-301F-11D3-BF4B-00C04F79EFBC}") = "staticModifier", "staticModifier\staticModifier.csproj", "{30B1CA18-A9AA-42C2-B791-17E0FBE4691E}"
EndProject
Global
	GlobalSection(SolutionConfigurationPlatforms) = preSolution
		Debug|Any CPU = Debug|Any CPU
		Release|Any CPU = Release|Any CPU
	EndGlobalSection
	GlobalSection(ProjectConfigurationPlatforms) = postSolution
		{30B1CA18-A9AA-42C2-B791-17E0FBE4691E}.Debug|Any CPU.ActiveCfg = Debug|Any CPU
		{30B1CA18-A9AA-42C2-B791-17E0FBE4691E}.Debug|Any CPU.Build.0 = Debug|Any CPU
		{30B1CA18-A9AA-42C2-B791-17E0FBE4691E}.Release|Any CPU.ActiveCfg = Release|Any CPU
		{30B1CA18-A9AA-42C2-B791-17E0FBE4691E}.Release|Any CPU.Build.0 = Release|Any CPU
	EndGlobalSection
	GlobalSection(SolutionProperties) = preSolution
		HideSolutionNode = FALSE
	EndGlobalSection
	GlobalSection(ExtensibilityGlobals) = postSolution
		SolutionGuid = {6D623AD9-E600-4402-B672-E9F96957C31A}
	EndGlobalSection
EndGlobal
