
Microsoft Visual Studio Solution File, Format Version 12.00
# Visual Studio Version 17
VisualStudioVersion = 17.2.32519.379
MinimumVisualStudioVersion = 10.0.40219.1
Project("{FAE04EC0-301F-11D3-BF4B-00C04F79EFBC}") = "hello world", "hello world\hello world.csproj", "{749F7FF2-B8A2-45F0-8BB3-86F92B2EE1A7}"
EndProject
Global
	GlobalSection(SolutionConfigurationPlatforms) = preSolution
		Debug|Any CPU = Debug|Any CPU
		Release|Any CPU = Release|Any CPU
	EndGlobalSection
	GlobalSection(ProjectConfigurationPlatforms) = postSolution
		{749F7FF2-B8A2-45F0-8BB3-86F92B2EE1A7}.Debug|Any CPU.ActiveCfg = Debug|Any CPU
		{749F7FF2-B8A2-45F0-8BB3-86F92B2EE1A7}.Debug|Any CPU.Build.0 = Debug|Any CPU
		{749F7FF2-B8A2-45F0-8BB3-86F92B2EE1A7}.Release|Any CPU.ActiveCfg = Release|Any CPU
		{749F7FF2-B8A2-45F0-8BB3-86F92B2EE1A7}.Release|Any CPU.Build.0 = Release|Any CPU
	EndGlobalSection
	GlobalSection(SolutionProperties) = preSolution
		HideSolutionNode = FALSE
	EndGlobalSection
	GlobalSection(ExtensibilityGlobals) = postSolution
		SolutionGuid = {DF9B33CB-1B35-4534-952A-EC24E0FA334F}
	EndGlobalSection
EndGlobal
