
Microsoft Visual Studio Solution File, Format Version 12.00
# Visual Studio Version 17
VisualStudioVersion = 17.2.32519.379
MinimumVisualStudioVersion = 10.0.40219.1
Project("{FAE04EC0-301F-11D3-BF4B-00C04F79EFBC}") = "CompletePhoneBook", "CompletePhoneBook\CompletePhoneBook.csproj", "{8F0760A8-1B91-472A-93FF-EAC346341FD2}"
EndProject
Global
	GlobalSection(SolutionConfigurationPlatforms) = preSolution
		Debug|Any CPU = Debug|Any CPU
		Release|Any CPU = Release|Any CPU
	EndGlobalSection
	GlobalSection(ProjectConfigurationPlatforms) = postSolution
		{8F0760A8-1B91-472A-93FF-EAC346341FD2}.Debug|Any CPU.ActiveCfg = Debug|Any CPU
		{8F0760A8-1B91-472A-93FF-EAC346341FD2}.Debug|Any CPU.Build.0 = Debug|Any CPU
		{8F0760A8-1B91-472A-93FF-EAC346341FD2}.Release|Any CPU.ActiveCfg = Release|Any CPU
		{8F0760A8-1B91-472A-93FF-EAC346341FD2}.Release|Any CPU.Build.0 = Release|Any CPU
	EndGlobalSection
	GlobalSection(SolutionProperties) = preSolution
		HideSolutionNode = FALSE
	EndGlobalSection
	GlobalSection(ExtensibilityGlobals) = postSolution
		SolutionGuid = {00BAA1DA-F122-490F-B4BF-3B08D2BA7070}
	EndGlobalSection
EndGlobal
